
Microsoft Visual Studio Solution File, Format Version 12.00
# Visual Studio Version 16
VisualStudioVersion = 16.0.30002.166
MinimumVisualStudioVersion = 10.0.40219.1
Project("{FAE04EC0-301F-11D3-BF4B-00C04F79EFBC}") = "myRandomRealNumber", "myRandomRealNumber\myRandomRealNumber.csproj", "{2E06E884-A859-40ED-B1CC-A08F728EE1BD}"
EndProject
Global
	GlobalSection(SolutionConfigurationPlatforms) = preSolution
		Debug|Any CPU = Debug|Any CPU
		Release|Any CPU = Release|Any CPU
	EndGlobalSection
	GlobalSection(ProjectConfigurationPlatforms) = postSolution
		{2E06E884-A859-40ED-B1CC-A08F728EE1BD}.Debug|Any CPU.ActiveCfg = Debug|Any CPU
		{2E06E884-A859-40ED-B1CC-A08F728EE1BD}.Debug|Any CPU.Build.0 = Debug|Any CPU
		{2E06E884-A859-40ED-B1CC-A08F728EE1BD}.Release|Any CPU.ActiveCfg = Release|Any CPU
		{2E06E884-A859-40ED-B1CC-A08F728EE1BD}.Release|Any CPU.Build.0 = Release|Any CPU
	EndGlobalSection
	GlobalSection(SolutionProperties) = preSolution
		HideSolutionNode = FALSE
	EndGlobalSection
	GlobalSection(ExtensibilityGlobals) = postSolution
		SolutionGuid = {E99D0506-9996-4D6E-B42E-58B541F5788B}
	EndGlobalSection
EndGlobal
